
Microsoft Visual Studio Solution File, Format Version 12.00
# Visual Studio Version 17
VisualStudioVersion = 17.11.35327.3
MinimumVisualStudioVersion = 10.0.40219.1
Project("{8BC9CEB8-8B4A-11D0-8D11-00A0C91BC942}") = "cpp-OOP", "cpp-OOP.vcxproj", "{1C8084A5-40E6-42F5-A36A-2AB7A64227A1}"
EndProject
Global
	GlobalSection(SolutionConfigurationPlatforms) = preSolution
		Debug|x64 = Debug|x64
		Debug|x86 = Debug|x86
		Release|x64 = Release|x64
		Release|x86 = Release|x86
	EndGlobalSection
	GlobalSection(ProjectConfigurationPlatforms) = postSolution
		{1C8084A5-40E6-42F5-A36A-2AB7A64227A1}.Debug|x64.ActiveCfg = Debug|x64
		{1C8084A5-40E6-42F5-A36A-2AB7A64227A1}.Debug|x64.Build.0 = Debug|x64
		{1C8084A5-40E6-42F5-A36A-2AB7A64227A1}.Debug|x86.ActiveCfg = Debug|Win32
		{1C8084A5-40E6-42F5-A36A-2AB7A64227A1}.Debug|x86.Build.0 = Debug|Win32
		{1C8084A5-40E6-42F5-A36A-2AB7A64227A1}.Release|x64.ActiveCfg = Release|x64
		{1C8084A5-40E6-42F5-A36A-2AB7A64227A1}.Release|x64.Build.0 = Release|x64
		{1C8084A5-40E6-42F5-A36A-2AB7A64227A1}.Release|x86.ActiveCfg = Release|Win32
		{1C8084A5-40E6-42F5-A36A-2AB7A64227A1}.Release|x86.Build.0 = Release|Win32
	EndGlobalSection
	GlobalSection(SolutionProperties) = preSolution
		HideSolutionNode = FALSE
	EndGlobalSection
	GlobalSection(ExtensibilityGlobals) = postSolution
		SolutionGuid = {4C9F3506-BD04-460D-93EB-E432EF5AE34A}
	EndGlobalSection
EndGlobal
